// !$*UTF8*$!
{
	archiveVersion = 1;
	classes = {
	};
	objectVersion = 55;
	objects = {

/* Begin PBXBuildFile section */
		D6B03BEC27FDC6A2001E4DEC /* AppDelegate.m in Sources */ = {isa = PBXBuildFile; fileRef = D6B03BEB27FDC6A2001E4DEC /* AppDelegate.m */; };
		D6B03BEF27FDC6A2001E4DEC /* SceneDelegate.m in Sources */ = {isa = PBXBuildFile; fileRef = D6B03BEE27FDC6A2001E4DEC /* SceneDelegate.m */; };
		D6B03BF227FDC6A2001E4DEC /* ViewController.m in Sources */ = {isa = PBXBuildFile; fileRef = D6B03BF127FDC6A2001E4DEC /* ViewController.m */; };
		D6B03BF527FDC6A2001E4DEC /* Main.storyboard in Resources */ = {isa = PBXBuildFile; fileRef = D6B03BF327FDC6A2001E4DEC /* Main.storyboard */; };
		D6B03BF727FDC6A6001E4DEC /* Assets.xcassets in Resources */ = {isa = PBXBuildFile; fileRef = D6B03BF627FDC6A6001E4DEC /* Assets.xcassets */; };
		D6B03BFA27FDC6A6001E4DEC /* LaunchScreen.storyboard in Resources */ = {isa = PBXBuildFile; fileRef = D6B03BF827FDC6A6001E4DEC /* LaunchScreen.storyboard */; };
		D6B03BFD27FDC6A6001E4DEC /* main.m in Sources */ = {isa = PBXBuildFile; fileRef = D6B03BFC27FDC6A6001E4DEC /* main.m */; };
/* End PBXBuildFile section */

/* Begin PBXFileReference section */
		D6B03BE727FDC6A2001E4DEC /* MusicPlayer_OC.app */ = {isa = PBXFileReference; explicitFileType = wrapper.application; includeInIndex = 0; path = MusicPlayer_OC.app; sourceTree = BUILT_PRODUCTS_DIR; };
		D6B03BEA27FDC6A2001E4DEC /* AppDelegate.h */ = {isa = PBXFileReference; lastKnownFileType = sourcecode.c.h; path = AppDelegate.h; sourceTree = "<group>"; };
		D6B03BEB27FDC6A2001E4DEC /* AppDelegate.m */ = {isa = PBXFileReference; lastKnownFileType = sourcecode.c.objc; path = AppDelegate.m; sourceTree = "<group>"; };
		D6B03BED27FDC6A2001E4DEC /* SceneDelegate.h */ = {isa = PBXFileReference; lastKnownFileType = sourcecode.c.h; path = SceneDelegate.h; sourceTree = "<group>"; };
		D6B03BEE27FDC6A2001E4DEC /* SceneDelegate.m */ = {isa = PBXFileReference; lastKnownFileType = sourcecode.c.objc; path = SceneDelegate.m; sourceTree = "<group>"; };
		D6B03BF027FDC6A2001E4DEC /* ViewController.h */ = {isa = PBXFileReference; lastKnownFileType = sourcecode.c.h; path = ViewController.h; sourceTree = "<group>"; };
		D6B03BF127FDC6A2001E4DEC /* ViewController.m */ = {isa = PBXFileReference; lastKnownFileType = sourcecode.c.objc; path = ViewController.m; sourceTree = "<group>"; };
		D6B03BF427FDC6A2001E4DEC /* Base */ = {isa = PBXFileReference; lastKnownFileType = file.storyboard; name = Base; path = Base.lproj/Main.storyboard; sourceTree = "<group>"; };
		D6B03BF627FDC6A6001E4DEC /* Assets.xcassets */ = {isa = PBXFileReference; lastKnownFileType = folder.assetcatalog; path = Assets.xcassets; sourceTree = "<group>"; };
		D6B03BF927FDC6A6001E4DEC /* Base */ = {isa = PBXFileReference; lastKnownFileType = file.storyboard; name = Base; path = Base.lproj/LaunchScreen.storyboard; sourceTree = "<group>"; };
		D6B03BFB27FDC6A6001E4DEC /* Info.plist */ = {isa = PBXFileReference; lastKnownFileType = text.plist.xml; path = Info.plist; sourceTree = "<group>"; };
		D6B03BFC27FDC6A6001E4DEC /* main.m */ = {isa = PBXFileReference; lastKnownFileType = sourcecode.c.objc; path = main.m; sourceTree = "<group>"; };
/* End PBXFileReference section */

/* Begin PBXFrameworksBuildPhase section */
		D6B03BE427FDC6A2001E4DEC /* Frameworks */ = {
			isa = PBXFrameworksBuildPhase;
			buildActionMask = 2147483647;
			files = (
			);
			runOnlyForDeploymentPostprocessing = 0;
		};
/* End PBXFrameworksBuildPhase section */

/* Begin PBXGroup section */
		D6B03BDE27FDC6A2001E4DEC = {
			isa = PBXGroup;
			children = (
				D6B03BE927FDC6A2001E4DEC /* MusicPlayer_OC */,
				D6B03BE827FDC6A2001E4DEC /* Products */,
			);
			sourceTree = "<group>";
		};
		D6B03BE827FDC6A2001E4DEC /* Products */ = {
			isa = PBXGroup;
			children = (
				D6B03BE727FDC6A2001E4DEC /* MusicPlayer_OC.app */,
			);
			name = Products;
			sourceTree = "<group>";
		};
		D6B03BE927FDC6A2001E4DEC /* MusicPlayer_OC */ = {
			isa = PBXGroup;
			children = (
				D6B03BEA27FDC6A2001E4DEC /* AppDelegate.h */,
				D6B03BEB27FDC6A2001E4DEC /* AppDelegate.m */,
				D6B03BED27FDC6A2001E4DEC /* SceneDelegate.h */,
				D6B03BEE27FDC6A2001E4DEC /* SceneDelegate.m */,
				D6B03BF027FDC6A2001E4DEC /* ViewController.h */,
				D6B03BF127FDC6A2001E4DEC /* ViewController.m */,
				D6B03BF327FDC6A2001E4DEC /* Main.storyboard */,
				D6B03BF627FDC6A6001E4DEC /* Assets.xcassets */,
				D6B03BF827FDC6A6001E4DEC /* LaunchScreen.storyboard */,
				D6B03BFB27FDC6A6001E4DEC /* Info.plist */,
				D6B03BFC27FDC6A6001E4DEC /* main.m */,
			);
			path = MusicPlayer_OC;
			sourceTree = "<group>";
		};
/* End PBXGroup section */

/* Begin PBXNativeTarget section */
		D6B03BE627FDC6A2001E4DEC /* MusicPlayer_OC */ = {
			isa = PBXNativeTarget;
			buildConfigurationList = D6B03C0027FDC6A6001E4DEC /* Build configuration list for PBXNativeTarget "MusicPlayer_OC" */;
			buildPhases = (
				D6B03BE327FDC6A2001E4DEC /* Sources */,
				D6B03BE427FDC6A2001E4DEC /* Frameworks */,
				D6B03BE527FDC6A2001E4DEC /* Resources */,
			);
			buildRules = (
			);
			dependencies = (
			);
			name = MusicPlayer_OC;
			productName = MusicPlayer_OC;
			productReference = D6B03BE727FDC6A2001E4DEC /* MusicPlayer_OC.app */;
			productType = "com.apple.product-type.application";
		};
/* End PBXNativeTarget section */

/* Begin PBXProject section */
		D6B03BDF27FDC6A2001E4DEC /* Project object */ = {
			isa = PBXProject;
			attributes = {
				BuildIndependentTargetsInParallel = 1;
				LastUpgradeCheck = 1330;
				TargetAttributes = {
					D6B03BE627FDC6A2001E4DEC = {
						CreatedOnToolsVersion = 13.3;
					};
				};
			};
			buildConfigurationList = D6B03BE227FDC6A2001E4DEC /* Build configuration list for PBXProject "MusicPlayer_OC" */;
			compatibilityVersion = "Xcode 13.0";
			developmentRegion = en;
			hasScannedForEncodings = 0;
			knownRegions = (
				en,
				Base,
			);
			mainGroup = D6B03BDE27FDC6A2001E4DEC;
			productRefGroup = D6B03BE827FDC6A2001E4DEC /* Products */;
			projectDirPath = "";
			projectRoot = "";
			targets = (
				D6B03BE627FDC6A2001E4DEC /* MusicPlayer_OC */,
			);
		};
/* End PBXProject section */

/* Begin PBXResourcesBuildPhase section */
		D6B03BE527FDC6A2001E4DEC /* Resources */ = {
			isa = PBXResourcesBuildPhase;
			buildActionMask = 2147483647;
			files = (
				D6B03BFA27FDC6A6001E4DEC /* LaunchScreen.storyboard in Resources */,
				D6B03BF727FDC6A6001E4DEC /* Assets.xcassets in Resources */,
				D6B03BF527FDC6A2001E4DEC /* Main.storyboard in Resources */,
			);
			runOnlyForDeploymentPostprocessing = 0;
		};
/* End PBXResourcesBuildPhase section */

/* Begin PBXSourcesBuildPhase section */
		D6B03BE327FDC6A2001E4DEC /* Sources */ = {
			isa = PBXSourcesBuildPhase;
			buildActionMask = 2147483647;
			files = (
				D6B03BF227FDC6A2001E4DEC /* ViewController.m in Sources */,
				D6B03BEC27FDC6A2001E4DEC /* AppDelegate.m in Sources */,
				D6B03BFD27FDC6A6001E4DEC /* main.m in Sources */,
				D6B03BEF27FDC6A2001E4DEC /* SceneDelegate.m in Sources */,
			);
			runOnlyForDeploymentPostprocessing = 0;
		};
/* End PBXSourcesBuildPhase section */

/* Begin PBXVariantGroup section */
		D6B03BF327FDC6A2001E4DEC /* Main.storyboard */ = {
			isa = PBXVariantGroup;
			children = (
				D6B03BF427FDC6A2001E4DEC /* Base */,
			);
			name = Main.storyboard;
			sourceTree = "<group>";
		};
		D6B03BF827FDC6A6001E4DEC /* LaunchScreen.storyboard */ = {
			isa = PBXVariantGroup;
			children = (
				D6B03BF927FDC6A6001E4DEC /* Base */,
			);
			name = LaunchScreen.storyboard;
			sourceTree = "<group>";
		};
/* End PBXVariantGroup section */

/* Begin XCBuildConfiguration section */
		D6B03BFE27FDC6A6001E4DEC /* Debug */ = {
			isa = XCBuildConfiguration;
			buildSettings = {
				ALWAYS_SEARCH_USER_PATHS = NO;
				CLANG_ANALYZER_NONNULL = YES;
				CLANG_ANALYZER_NUMBER_OBJECT_CONVERSION = YES_AGGRESSIVE;
				CLANG_CXX_LANGUAGE_STANDARD = "gnu++17";
				CLANG_ENABLE_MODULES = YES;
				CLANG_ENABLE_OBJC_ARC = YES;
				CLANG_ENABLE_OBJC_WEAK = YES;
				CLANG_WARN_BLOCK_CAPTURE_AUTORELEASING = YES;
				CLANG_WARN_BOOL_CONVERSION = YES;
				CLANG_WARN_COMMA = YES;
				CLANG_WARN_CONSTANT_CONVERSION = YES;
				CLANG_WARN_DEPRECATED_OBJC_IMPLEMENTATIONS = YES;
				CLANG_WARN_DIRECT_OBJC_ISA_USAGE = YES_ERROR;
				CLANG_WARN_DOCUMENTATION_COMMENTS = YES;
				CLANG_WARN_EMPTY_BODY = YES;
				CLANG_WARN_ENUM_CONVERSION = YES;
				CLANG_WARN_INFINITE_RECURSION = YES;
				CLANG_WARN_INT_CONVERSION = YES;
				CLANG_WARN_NON_LITERAL_NULL_CONVERSION = YES;
				CLANG_WARN_OBJC_IMPLICIT_RETAIN_SELF = YES;
				CLANG_WARN_OBJC_LITERAL_CONVERSION = YES;
				CLANG_WARN_OBJC_ROOT_CLASS = YES_ERROR;
				CLANG_WARN_QUOTED_INCLUDE_IN_FRAMEWORK_HEADER = YES;
				CLANG_WARN_RANGE_LOOP_ANALYSIS = YES;
				CLANG_WARN_STRICT_PROTOTYPES = YES;
				CLANG_WARN_SUSPICIOUS_MOVE = YES;
				CLANG_WARN_UNGUARDED_AVAILABILITY = YES_AGGRESSIVE;
				CLANG_WARN_UNREACHABLE_CODE = YES;
				CLANG_WARN__DUPLICATE_METHOD_MATCH = YES;
				COPY_PHASE_STRIP = NO;
				DEBUG_INFORMATION_FORMAT = dwarf;
				ENABLE_STRICT_OBJC_MSGSEND = YES;
				ENABLE_TESTABILITY = YES;
				GCC_C_LANGUAGE_STANDARD = gnu11;
				GCC_DYNAMIC_NO_PIC = NO;
				GCC_NO_COMMON_BLOCKS = YES;
				GCC_OPTIMIZATION_LEVEL = 0;
				GCC_PREPROCESSOR_DEFINITIONS = (
					"DEBUG=1",
					"$(inherited)",
				);
				GCC_WARN_64_TO_32_BIT_CONVERSION = YES;
				GCC_WARN_ABOUT_RETURN_TYPE = YES_ERROR;
				GCC_WARN_UNDECLARED_SELECTOR = YES;
				GCC_WARN_UNINITIALIZED_AUTOS = YES_AGGRESSIVE;
				GCC_WARN_UNUSED_FUNCTION = YES;
				GCC_WARN_UNUSED_VARIABLE = YES;
				IPHONEOS_DEPLOYMENT_TARGET = 15.4;
				MTL_ENABLE_DEBUG_INFO = INCLUDE_SOURCE;
				MTL_FAST_MATH = YES;
				ONLY_ACTIVE_ARCH = YES;
				SDKROOT = iphoneos;
			};
			name = Debug;
		};
		D6B03BFF27FDC6A6001E4DEC /* Release */ = {
			isa = XCBuildConfiguration;
			buildSettings = {
				ALWAYS_SEARCH_USER_PATHS = NO;
				CLANG_ANALYZER_NONNULL = YES;
				CLANG_ANALYZER_NUMBER_OBJECT_CONVERSION = YES_AGGRESSIVE;
				CLANG_CXX_LANGUAGE_STANDARD = "gnu++17";
				CLANG_ENABLE_MODULES = YES;
				CLANG_ENABLE_OBJC_ARC = YES;
				CLANG_ENABLE_OBJC_WEAK = YES;
				CLANG_WARN_BLOCK_CAPTURE_AUTORELEASING = YES;
				CLANG_WARN_BOOL_CONVERSION = YES;
				CLANG_WARN_COMMA = YES;
				CLANG_WARN_CONSTANT_CONVERSION = YES;
				CLANG_WARN_DEPRECATED_OBJC_IMPLEMENTATIONS = YES;
				CLANG_WARN_DIRECT_OBJC_ISA_USAGE = YES_ERROR;
				CLANG_WARN_DOCUMENTATION_COMMENTS = YES;
				CLANG_WARN_EMPTY_BODY = YES;
				CLANG_WARN_ENUM_CONVERSION = YES;
				CLANG_WARN_INFINITE_RECURSION = YES;
				CLANG_WARN_INT_CONVERSION = YES;
				CLANG_WARN_NON_LITERAL_NULL_CONVERSION = YES;
				CLANG_WARN_OBJC_IMPLICIT_RETAIN_SELF = YES;
				CLANG_WARN_OBJC_LITERAL_CONVERSION = YES;
				CLANG_WARN_OBJC_ROOT_CLASS = YES_ERROR;
				CLANG_WARN_QUOTED_INCLUDE_IN_FRAMEWORK_HEADER = YES;
				CLANG_WARN_RANGE_LOOP_ANALYSIS = YES;
				CLANG_WARN_STRICT_PROTOTYPES = YES;
				CLANG_WARN_SUSPICIOUS_MOVE = YES;
				CLANG_WARN_UNGUARDED_AVAILABILITY = YES_AGGRESSIVE;
				CLANG_WARN_UNREACHABLE_CODE = YES;
				CLANG_WARN__DUPLICATE_METHOD_MATCH = YES;
				COPY_PHASE_STRIP = NO;
				DEBUG_INFORMATION_FORMAT = "dwarf-with-dsym";
				ENABLE_NS_ASSERTIONS = NO;
				ENABLE_STRICT_OBJC_MSGSEND = YES;
				GCC_C_LANGUAGE_STANDARD = gnu11;
				GCC_NO_COMMON_BLOCKS = YES;
				GCC_WARN_64_TO_32_BIT_CONVERSION = YES;
				GCC_WARN_ABOUT_RETURN_TYPE = YES_ERROR;
				GCC_WARN_UNDECLARED_SELECTOR = YES;
				GCC_WARN_UNINITIALIZED_AUTOS = YES_AGGRESSIVE;
				GCC_WARN_UNUSED_FUNCTION = YES;
				GCC_WARN_UNUSED_VARIABLE = YES;
				IPHONEOS_DEPLOYMENT_TARGET = 15.4;
				MTL_ENABLE_DEBUG_INFO = NO;
				MTL_FAST_MATH = YES;
				SDKROOT = iphoneos;
				VALIDATE_PRODUCT = YES;
			};
			name = Release;
		};
		D6B03C0127FDC6A6001E4DEC /* Debug */ = {
			isa = XCBuildConfiguration;
			buildSettings = {
				ASSETCATALOG_COMPILER_APPICON_NAME = AppIcon;
				ASSETCATALOG_COMPILER_GLOBAL_ACCENT_COLOR_NAME = AccentColor;
				CODE_SIGN_STYLE = Automatic;
				CURRENT_PROJECT_VERSION = 1;
				DEVELOPMENT_TEAM = F25SU568R8;
				GENERATE_INFOPLIST_FILE = YES;
				INFOPLIST_FILE = MusicPlayer_OC/Info.plist;
				INFOPLIST_KEY_UIApplicationSupportsIndirectInputEvents = YES;
				INFOPLIST_KEY_UILaunchStoryboardName = LaunchScreen;
				INFOPLIST_KEY_UIMainStoryboardFile = Main;
				INFOPLIST_KEY_UISupportedInterfaceOrientations_iPad = "UIInterfaceOrientationPortrait UIInterfaceOrientationPortraitUpsideDown UIInterfaceOrientationLandscapeLeft UIInterfaceOrientationLandscapeRight";
				INFOPLIST_KEY_UISupportedInterfaceOrientations_iPhone = "UIInterfaceOrientationPortrait UIInterfaceOrientationLandscapeLeft UIInterfaceOrientationLandscapeRight";
				LD_RUNPATH_SEARCH_PATHS = (
					"$(inherited)",
					"@executable_path/Frameworks",
				);
				MARKETING_VERSION = 1.0;
				PRODUCT_BUNDLE_IDENTIFIER = "learnIOS.MusicPlayer-OC";
				PRODUCT_NAME = "$(TARGET_NAME)";
				SWIFT_EMIT_LOC_STRINGS = YES;
				TARGETED_DEVICE_FAMILY = "1,2";
			};
			name = Debug;
		};
		D6B03C0227FDC6A6001E4DEC /* Release */ = {
			isa = XCBuildConfiguration;
			buildSettings = {
				ASSETCATALOG_COMPILER_APPICON_NAME = AppIcon;
				ASSETCATALOG_COMPILER_GLOBAL_ACCENT_COLOR_NAME = AccentColor;
				CODE_SIGN_STYLE = Automatic;
				CURRENT_PROJECT_VERSION = 1;
				DEVELOPMENT_TEAM = F25SU568R8;
				GENERATE_INFOPLIST_FILE = YES;
				INFOPLIST_FILE = MusicPlayer_OC/Info.plist;
				INFOPLIST_KEY_UIApplicationSupportsIndirectInputEvents = YES;
				INFOPLIST_KEY_UILaunchStoryboardName = LaunchScreen;
				INFOPLIST_KEY_UIMainStoryboardFile = Main;
				INFOPLIST_KEY_UISupportedInterfaceOrientations_iPad = "UIInterfaceOrientationPortrait UIInterfaceOrientationPortraitUpsideDown UIInterfaceOrientationLandscapeLeft UIInterfaceOrientationLandscapeRight";
				INFOPLIST_KEY_UISupportedInterfaceOrientations_iPhone = "UIInterfaceOrientationPortrait UIInterfaceOrientationLandscapeLeft UIInterfaceOrientationLandscapeRight";
				LD_RUNPATH_SEARCH_PATHS = (
					"$(inherited)",
					"@executable_path/Frameworks",
				);
				MARKETING_VERSION = 1.0;
				PRODUCT_BUNDLE_IDENTIFIER = "learnIOS.MusicPlayer-OC";
				PRODUCT_NAME = "$(TARGET_NAME)";
				SWIFT_EMIT_LOC_STRINGS = YES;
				TARGETED_DEVICE_FAMILY = "1,2";
			};
			name = Release;
		};
/* End XCBuildConfiguration section */

/* Begin XCConfigurationList section */
		D6B03BE227FDC6A2001E4DEC /* Build configuration list for PBXProject "MusicPlayer_OC" */ = {
			isa = XCConfigurationList;
			buildConfigurations = (
				D6B03BFE27FDC6A6001E4DEC /* Debug */,
				D6B03BFF27FDC6A6001E4DEC /* Release */,
			);
			defaultConfigurationIsVisible = 0;
			defaultConfigurationName = Release;
		};
		D6B03C0027FDC6A6001E4DEC /* Build configuration list for PBXNativeTarget "MusicPlayer_OC" */ = {
			isa = XCConfigurationList;
			buildConfigurations = (
				D6B03C0127FDC6A6001E4DEC /* Debug */,
				D6B03C0227FDC6A6001E4DEC /* Release */,
			);
			defaultConfigurationIsVisible = 0;
			defaultConfigurationName = Release;
		};
/* End XCConfigurationList section */
	};
	rootObject = D6B03BDF27FDC6A2001E4DEC /* Project object */;
}
